
Microsoft Visual Studio Solution File, Format Version 12.00
# Visual Studio 2013
VisualStudioVersion = 12.0.31101.0
MinimumVisualStudioVersion = 10.0.40219.1
Project("{FAE04EC0-301F-11D3-BF4B-00C04F79EFBC}") = "ConsoleApplication1", "ConsoleApplication1\ConsoleApplication1.csproj", "{4B824172-2F2B-4DD7-83B4-8597BDA992F2}"
EndProject
Project("{FAE04EC0-301F-11D3-BF4B-00C04F79EFBC}") = "ClassLibrary1", "ClassLibrary1\ClassLibrary1.csproj", "{0104C615-FA66-483D-A8A1-9509D15DAB07}"
EndProject
Project("{2150E333-8FDC-42A3-9474-1A3956D46DE8}") = "Sample", "Sample", "{BBAE1A8D-0FD5-4F00-8525-C1537BE4F3BD}"
EndProject
Project("{FAE04EC0-301F-11D3-BF4B-00C04F79EFBC}") = "ExtendedOperations", "ExtendedOperations\ExtendedOperations.csproj", "{EE0F9EFE-4835-415C-BD01-F8057488331F}"
EndProject
Project("{FAE04EC0-301F-11D3-BF4B-00C04F79EFBC}") = "SimpleCalculator3", "SimpleCalculator3\SimpleCalculator3.csproj", "{A645D270-05F0-42EE-B8F6-38509E5D7FA8}"
EndProject
Project("{FAE04EC0-301F-11D3-BF4B-00C04F79EFBC}") = "WebApplication1", "WebApplication1\WebApplication1.csproj", "{897F2AED-E73C-4248-81F9-EC3CB08464CE}"
EndProject
Project("{FAE04EC0-301F-11D3-BF4B-00C04F79EFBC}") = "WordTemplate1", "WordTemplate1\WordTemplate1.csproj", "{DEC88E99-A8D5-4068-B0D1-DEBD95EED743}"
EndProject
Global
	GlobalSection(SolutionConfigurationPlatforms) = preSolution
		Debug|Any CPU = Debug|Any CPU
		Debug|Mixed Platforms = Debug|Mixed Platforms
		Debug|x86 = Debug|x86
		Release|Any CPU = Release|Any CPU
		Release|Mixed Platforms = Release|Mixed Platforms
		Release|x86 = Release|x86
	EndGlobalSection
	GlobalSection(ProjectConfigurationPlatforms) = postSolution
		{4B824172-2F2B-4DD7-83B4-8597BDA992F2}.Debug|Any CPU.ActiveCfg = Debug|Any CPU
		{4B824172-2F2B-4DD7-83B4-8597BDA992F2}.Debug|Any CPU.Build.0 = Debug|Any CPU
		{4B824172-2F2B-4DD7-83B4-8597BDA992F2}.Debug|Mixed Platforms.ActiveCfg = Debug|Any CPU
		{4B824172-2F2B-4DD7-83B4-8597BDA992F2}.Debug|Mixed Platforms.Build.0 = Debug|Any CPU
		{4B824172-2F2B-4DD7-83B4-8597BDA992F2}.Debug|x86.ActiveCfg = Debug|Any CPU
		{4B824172-2F2B-4DD7-83B4-8597BDA992F2}.Release|Any CPU.ActiveCfg = Release|Any CPU
		{4B824172-2F2B-4DD7-83B4-8597BDA992F2}.Release|Any CPU.Build.0 = Release|Any CPU
		{4B824172-2F2B-4DD7-83B4-8597BDA992F2}.Release|Mixed Platforms.ActiveCfg = Release|Any CPU
		{4B824172-2F2B-4DD7-83B4-8597BDA992F2}.Release|Mixed Platforms.Build.0 = Release|Any CPU
		{4B824172-2F2B-4DD7-83B4-8597BDA992F2}.Release|x86.ActiveCfg = Release|Any CPU
		{0104C615-FA66-483D-A8A1-9509D15DAB07}.Debug|Any CPU.ActiveCfg = Debug|Any CPU
		{0104C615-FA66-483D-A8A1-9509D15DAB07}.Debug|Any CPU.Build.0 = Debug|Any CPU
		{0104C615-FA66-483D-A8A1-9509D15DAB07}.Debug|Mixed Platforms.ActiveCfg = Debug|Any CPU
		{0104C615-FA66-483D-A8A1-9509D15DAB07}.Debug|Mixed Platforms.Build.0 = Debug|Any CPU
		{0104C615-FA66-483D-A8A1-9509D15DAB07}.Debug|x86.ActiveCfg = Debug|Any CPU
		{0104C615-FA66-483D-A8A1-9509D15DAB07}.Release|Any CPU.ActiveCfg = Release|Any CPU
		{0104C615-FA66-483D-A8A1-9509D15DAB07}.Release|Any CPU.Build.0 = Release|Any CPU
		{0104C615-FA66-483D-A8A1-9509D15DAB07}.Release|Mixed Platforms.ActiveCfg = Release|Any CPU
		{0104C615-FA66-483D-A8A1-9509D15DAB07}.Release|Mixed Platforms.Build.0 = Release|Any CPU
		{0104C615-FA66-483D-A8A1-9509D15DAB07}.Release|x86.ActiveCfg = Release|Any CPU
		{EE0F9EFE-4835-415C-BD01-F8057488331F}.Debug|Any CPU.ActiveCfg = Debug|Any CPU
		{EE0F9EFE-4835-415C-BD01-F8057488331F}.Debug|Any CPU.Build.0 = Debug|Any CPU
		{EE0F9EFE-4835-415C-BD01-F8057488331F}.Debug|Mixed Platforms.ActiveCfg = Debug|Any CPU
		{EE0F9EFE-4835-415C-BD01-F8057488331F}.Debug|Mixed Platforms.Build.0 = Debug|Any CPU
		{EE0F9EFE-4835-415C-BD01-F8057488331F}.Debug|x86.ActiveCfg = Debug|Any CPU
		{EE0F9EFE-4835-415C-BD01-F8057488331F}.Release|Any CPU.ActiveCfg = Release|Any CPU
		{EE0F9EFE-4835-415C-BD01-F8057488331F}.Release|Any CPU.Build.0 = Release|Any CPU
		{EE0F9EFE-4835-415C-BD01-F8057488331F}.Release|Mixed Platforms.ActiveCfg = Release|Any CPU
		{EE0F9EFE-4835-415C-BD01-F8057488331F}.Release|Mixed Platforms.Build.0 = Release|Any CPU
		{EE0F9EFE-4835-415C-BD01-F8057488331F}.Release|x86.ActiveCfg = Release|Any CPU
		{A645D270-05F0-42EE-B8F6-38509E5D7FA8}.Debug|Any CPU.ActiveCfg = Debug|x86
		{A645D270-05F0-42EE-B8F6-38509E5D7FA8}.Debug|Mixed Platforms.ActiveCfg = Debug|x86
		{A645D270-05F0-42EE-B8F6-38509E5D7FA8}.Debug|Mixed Platforms.Build.0 = Debug|x86
		{A645D270-05F0-42EE-B8F6-38509E5D7FA8}.Debug|x86.ActiveCfg = Debug|x86
		{A645D270-05F0-42EE-B8F6-38509E5D7FA8}.Debug|x86.Build.0 = Debug|x86
		{A645D270-05F0-42EE-B8F6-38509E5D7FA8}.Release|Any CPU.ActiveCfg = Release|x86
		{A645D270-05F0-42EE-B8F6-38509E5D7FA8}.Release|Mixed Platforms.ActiveCfg = Release|x86
		{A645D270-05F0-42EE-B8F6-38509E5D7FA8}.Release|Mixed Platforms.Build.0 = Release|x86
		{A645D270-05F0-42EE-B8F6-38509E5D7FA8}.Release|x86.ActiveCfg = Release|x86
		{A645D270-05F0-42EE-B8F6-38509E5D7FA8}.Release|x86.Build.0 = Release|x86
		{897F2AED-E73C-4248-81F9-EC3CB08464CE}.Debug|Any CPU.ActiveCfg = Debug|Any CPU
		{897F2AED-E73C-4248-81F9-EC3CB08464CE}.Debug|Any CPU.Build.0 = Debug|Any CPU
		{897F2AED-E73C-4248-81F9-EC3CB08464CE}.Debug|Mixed Platforms.ActiveCfg = Debug|Any CPU
		{897F2AED-E73C-4248-81F9-EC3CB08464CE}.Debug|Mixed Platforms.Build.0 = Debug|Any CPU
		{897F2AED-E73C-4248-81F9-EC3CB08464CE}.Debug|x86.ActiveCfg = Debug|Any CPU
		{897F2AED-E73C-4248-81F9-EC3CB08464CE}.Release|Any CPU.ActiveCfg = Release|Any CPU
		{897F2AED-E73C-4248-81F9-EC3CB08464CE}.Release|Any CPU.Build.0 = Release|Any CPU
		{897F2AED-E73C-4248-81F9-EC3CB08464CE}.Release|Mixed Platforms.ActiveCfg = Release|Any CPU
		{897F2AED-E73C-4248-81F9-EC3CB08464CE}.Release|Mixed Platforms.Build.0 = Release|Any CPU
		{897F2AED-E73C-4248-81F9-EC3CB08464CE}.Release|x86.ActiveCfg = Release|Any CPU
		{DEC88E99-A8D5-4068-B0D1-DEBD95EED743}.Debug|Any CPU.ActiveCfg = Debug|Any CPU
		{DEC88E99-A8D5-4068-B0D1-DEBD95EED743}.Debug|Any CPU.Build.0 = Debug|Any CPU
		{DEC88E99-A8D5-4068-B0D1-DEBD95EED743}.Debug|Mixed Platforms.ActiveCfg = Debug|Any CPU
		{DEC88E99-A8D5-4068-B0D1-DEBD95EED743}.Debug|Mixed Platforms.Build.0 = Debug|Any CPU
		{DEC88E99-A8D5-4068-B0D1-DEBD95EED743}.Debug|x86.ActiveCfg = Debug|Any CPU
		{DEC88E99-A8D5-4068-B0D1-DEBD95EED743}.Release|Any CPU.ActiveCfg = Release|Any CPU
		{DEC88E99-A8D5-4068-B0D1-DEBD95EED743}.Release|Any CPU.Build.0 = Release|Any CPU
		{DEC88E99-A8D5-4068-B0D1-DEBD95EED743}.Release|Mixed Platforms.ActiveCfg = Release|Any CPU
		{DEC88E99-A8D5-4068-B0D1-DEBD95EED743}.Release|Mixed Platforms.Build.0 = Release|Any CPU
		{DEC88E99-A8D5-4068-B0D1-DEBD95EED743}.Release|x86.ActiveCfg = Release|Any CPU
	EndGlobalSection
	GlobalSection(SolutionProperties) = preSolution
		HideSolutionNode = FALSE
	EndGlobalSection
	GlobalSection(NestedProjects) = preSolution
		{EE0F9EFE-4835-415C-BD01-F8057488331F} = {BBAE1A8D-0FD5-4F00-8525-C1537BE4F3BD}
		{A645D270-05F0-42EE-B8F6-38509E5D7FA8} = {BBAE1A8D-0FD5-4F00-8525-C1537BE4F3BD}
	EndGlobalSection
EndGlobal
